// !$*UTF8*$!
{
	archiveVersion = 1;
	classes = {
	};
	objectVersion = 50;
	objects = {

/* Begin PBXBuildFile section */
		107832CD24459EC50087075F /* CustomButton.swift in Sources */ = {isa = PBXBuildFile; fileRef = 107832CC24459EC50087075F /* CustomButton.swift */; };
		107832CF24459FB50087075F /* Payment.swift in Sources */ = {isa = PBXBuildFile; fileRef = 107832CE24459FB50087075F /* Payment.swift */; };
		107832D12445A2970087075F /* Constants.swift in Sources */ = {isa = PBXBuildFile; fileRef = 107832D02445A2970087075F /* Constants.swift */; };
		107832D32445B74E0087075F /* PaymentDataTableViewController.swift in Sources */ = {isa = PBXBuildFile; fileRef = 107832D22445B74E0087075F /* PaymentDataTableViewController.swift */; };
		107832D52445BD2A0087075F /* CustomTextField.swift in Sources */ = {isa = PBXBuildFile; fileRef = 107832D42445BD2A0087075F /* CustomTextField.swift */; };
		107832D72445C4970087075F /* MonthYearPicker.swift in Sources */ = {isa = PBXBuildFile; fileRef = 107832D62445C4970087075F /* MonthYearPicker.swift */; };
		1079945924477679001ED121 /* Helper.swift in Sources */ = {isa = PBXBuildFile; fileRef = 1079945824477679001ED121 /* Helper.swift */; };
		1079945D244788E3001ED121 /* PaymentViewController.swift in Sources */ = {isa = PBXBuildFile; fileRef = 1079945C244788E3001ED121 /* PaymentViewController.swift */; };
		1079946024479068001ED121 /* Service.swift in Sources */ = {isa = PBXBuildFile; fileRef = 1079945F24479068001ED121 /* Service.swift */; };
		108C9FCC2444ECAE00189D5E /* AppDelegate.swift in Sources */ = {isa = PBXBuildFile; fileRef = 108C9FCB2444ECAE00189D5E /* AppDelegate.swift */; };
		108C9FCE2444ECAE00189D5E /* SceneDelegate.swift in Sources */ = {isa = PBXBuildFile; fileRef = 108C9FCD2444ECAE00189D5E /* SceneDelegate.swift */; };
		108C9FD32444ECAE00189D5E /* Main.storyboard in Resources */ = {isa = PBXBuildFile; fileRef = 108C9FD12444ECAE00189D5E /* Main.storyboard */; };
		108C9FD52444ECAF00189D5E /* Assets.xcassets in Resources */ = {isa = PBXBuildFile; fileRef = 108C9FD42444ECAF00189D5E /* Assets.xcassets */; };
		108C9FD82444ECAF00189D5E /* LaunchScreen.storyboard in Resources */ = {isa = PBXBuildFile; fileRef = 108C9FD62444ECAF00189D5E /* LaunchScreen.storyboard */; };
/* End PBXBuildFile section */

/* Begin PBXFileReference section */
		107832CC24459EC50087075F /* CustomButton.swift */ = {isa = PBXFileReference; lastKnownFileType = sourcecode.swift; path = CustomButton.swift; sourceTree = "<group>"; };
		107832CE24459FB50087075F /* Payment.swift */ = {isa = PBXFileReference; lastKnownFileType = sourcecode.swift; path = Payment.swift; sourceTree = "<group>"; };
		107832D02445A2970087075F /* Constants.swift */ = {isa = PBXFileReference; lastKnownFileType = sourcecode.swift; path = Constants.swift; sourceTree = "<group>"; };
		107832D22445B74E0087075F /* PaymentDataTableViewController.swift */ = {isa = PBXFileReference; lastKnownFileType = sourcecode.swift; path = PaymentDataTableViewController.swift; sourceTree = "<group>"; };
		107832D42445BD2A0087075F /* CustomTextField.swift */ = {isa = PBXFileReference; lastKnownFileType = sourcecode.swift; path = CustomTextField.swift; sourceTree = "<group>"; };
		107832D62445C4970087075F /* MonthYearPicker.swift */ = {isa = PBXFileReference; lastKnownFileType = sourcecode.swift; path = MonthYearPicker.swift; sourceTree = "<group>"; };
		1079945824477679001ED121 /* Helper.swift */ = {isa = PBXFileReference; lastKnownFileType = sourcecode.swift; path = Helper.swift; sourceTree = "<group>"; };
		1079945C244788E3001ED121 /* PaymentViewController.swift */ = {isa = PBXFileReference; lastKnownFileType = sourcecode.swift; path = PaymentViewController.swift; sourceTree = "<group>"; };
		1079945F24479068001ED121 /* Service.swift */ = {isa = PBXFileReference; lastKnownFileType = sourcecode.swift; path = Service.swift; sourceTree = "<group>"; };
		108C9FC82444ECAE00189D5E /* TakeMyMoney.app */ = {isa = PBXFileReference; explicitFileType = wrapper.application; includeInIndex = 0; path = TakeMyMoney.app; sourceTree = BUILT_PRODUCTS_DIR; };
		108C9FCB2444ECAE00189D5E /* AppDelegate.swift */ = {isa = PBXFileReference; lastKnownFileType = sourcecode.swift; path = AppDelegate.swift; sourceTree = "<group>"; };
		108C9FCD2444ECAE00189D5E /* SceneDelegate.swift */ = {isa = PBXFileReference; lastKnownFileType = sourcecode.swift; path = SceneDelegate.swift; sourceTree = "<group>"; };
		108C9FD22444ECAE00189D5E /* Base */ = {isa = PBXFileReference; lastKnownFileType = file.storyboard; name = Base; path = Base.lproj/Main.storyboard; sourceTree = "<group>"; };
		108C9FD42444ECAF00189D5E /* Assets.xcassets */ = {isa = PBXFileReference; lastKnownFileType = folder.assetcatalog; path = Assets.xcassets; sourceTree = "<group>"; };
		108C9FD72444ECAF00189D5E /* Base */ = {isa = PBXFileReference; lastKnownFileType = file.storyboard; name = Base; path = Base.lproj/LaunchScreen.storyboard; sourceTree = "<group>"; };
		108C9FD92444ECAF00189D5E /* Info.plist */ = {isa = PBXFileReference; lastKnownFileType = text.plist.xml; path = Info.plist; sourceTree = "<group>"; };
/* End PBXFileReference section */

/* Begin PBXFrameworksBuildPhase section */
		108C9FC52444ECAE00189D5E /* Frameworks */ = {
			isa = PBXFrameworksBuildPhase;
			buildActionMask = 2147483647;
			files = (
			);
			runOnlyForDeploymentPostprocessing = 0;
		};
/* End PBXFrameworksBuildPhase section */

/* Begin PBXGroup section */
		107832C924453B5A0087075F /* Controller */ = {
			isa = PBXGroup;
			children = (
				107832D22445B74E0087075F /* PaymentDataTableViewController.swift */,
				1079945C244788E3001ED121 /* PaymentViewController.swift */,
			);
			path = Controller;
			sourceTree = "<group>";
		};
		107832CA24453B650087075F /* View */ = {
			isa = PBXGroup;
			children = (
				107832CC24459EC50087075F /* CustomButton.swift */,
				107832D42445BD2A0087075F /* CustomTextField.swift */,
				107832D62445C4970087075F /* MonthYearPicker.swift */,
			);
			path = View;
			sourceTree = "<group>";
		};
		107832CB24453B680087075F /* Model */ = {
			isa = PBXGroup;
			children = (
				107832CE24459FB50087075F /* Payment.swift */,
			);
			path = Model;
			sourceTree = "<group>";
		};
		1079945E2447905B001ED121 /* Services */ = {
			isa = PBXGroup;
			children = (
				1079945F24479068001ED121 /* Service.swift */,
			);
			path = Services;
			sourceTree = "<group>";
		};
		108C9FBF2444ECAE00189D5E = {
			isa = PBXGroup;
			children = (
				108C9FCA2444ECAE00189D5E /* TakeMyMoney */,
				108C9FC92444ECAE00189D5E /* Products */,
			);
			sourceTree = "<group>";
		};
		108C9FC92444ECAE00189D5E /* Products */ = {
			isa = PBXGroup;
			children = (
				108C9FC82444ECAE00189D5E /* TakeMyMoney.app */,
			);
			name = Products;
			sourceTree = "<group>";
		};
		108C9FCA2444ECAE00189D5E /* TakeMyMoney */ = {
			isa = PBXGroup;
			children = (
				1079945E2447905B001ED121 /* Services */,
				107832CB24453B680087075F /* Model */,
				107832CA24453B650087075F /* View */,
				107832C924453B5A0087075F /* Controller */,
				108C9FCB2444ECAE00189D5E /* AppDelegate.swift */,
				108C9FCD2444ECAE00189D5E /* SceneDelegate.swift */,
				108C9FD12444ECAE00189D5E /* Main.storyboard */,
				108C9FD42444ECAF00189D5E /* Assets.xcassets */,
				108C9FD62444ECAF00189D5E /* LaunchScreen.storyboard */,
				108C9FD92444ECAF00189D5E /* Info.plist */,
				107832D02445A2970087075F /* Constants.swift */,
				1079945824477679001ED121 /* Helper.swift */,
			);
			path = TakeMyMoney;
			sourceTree = "<group>";
		};
/* End PBXGroup section */

/* Begin PBXNativeTarget section */
		108C9FC72444ECAE00189D5E /* TakeMyMoney */ = {
			isa = PBXNativeTarget;
			buildConfigurationList = 108C9FDC2444ECAF00189D5E /* Build configuration list for PBXNativeTarget "TakeMyMoney" */;
			buildPhases = (
				108C9FC42444ECAE00189D5E /* Sources */,
				108C9FC52444ECAE00189D5E /* Frameworks */,
				108C9FC62444ECAE00189D5E /* Resources */,
			);
			buildRules = (
			);
			dependencies = (
			);
			name = TakeMyMoney;
			productName = TakeMyMoney;
			productReference = 108C9FC82444ECAE00189D5E /* TakeMyMoney.app */;
			productType = "com.apple.product-type.application";
		};
/* End PBXNativeTarget section */

/* Begin PBXProject section */
		108C9FC02444ECAE00189D5E /* Project object */ = {
			isa = PBXProject;
			attributes = {
				LastSwiftUpdateCheck = 1130;
				LastUpgradeCheck = 1130;
				ORGANIZATIONNAME = "Mohammad Shayan";
				TargetAttributes = {
					108C9FC72444ECAE00189D5E = {
						CreatedOnToolsVersion = 11.3.1;
					};
				};
			};
			buildConfigurationList = 108C9FC32444ECAE00189D5E /* Build configuration list for PBXProject "TakeMyMoney" */;
			compatibilityVersion = "Xcode 9.3";
			developmentRegion = en;
			hasScannedForEncodings = 0;
			knownRegions = (
				en,
				Base,
			);
			mainGroup = 108C9FBF2444ECAE00189D5E;
			productRefGroup = 108C9FC92444ECAE00189D5E /* Products */;
			projectDirPath = "";
			projectRoot = "";
			targets = (
				108C9FC72444ECAE00189D5E /* TakeMyMoney */,
			);
		};
/* End PBXProject section */

/* Begin PBXResourcesBuildPhase section */
		108C9FC62444ECAE00189D5E /* Resources */ = {
			isa = PBXResourcesBuildPhase;
			buildActionMask = 2147483647;
			files = (
				108C9FD82444ECAF00189D5E /* LaunchScreen.storyboard in Resources */,
				108C9FD52444ECAF00189D5E /* Assets.xcassets in Resources */,
				108C9FD32444ECAE00189D5E /* Main.storyboard in Resources */,
			);
			runOnlyForDeploymentPostprocessing = 0;
		};
/* End PBXResourcesBuildPhase section */

/* Begin PBXSourcesBuildPhase section */
		108C9FC42444ECAE00189D5E /* Sources */ = {
			isa = PBXSourcesBuildPhase;
			buildActionMask = 2147483647;
			files = (
				107832D52445BD2A0087075F /* CustomTextField.swift in Sources */,
				107832D12445A2970087075F /* Constants.swift in Sources */,
				108C9FCC2444ECAE00189D5E /* AppDelegate.swift in Sources */,
				108C9FCE2444ECAE00189D5E /* SceneDelegate.swift in Sources */,
				107832CF24459FB50087075F /* Payment.swift in Sources */,
				1079945924477679001ED121 /* Helper.swift in Sources */,
				107832D72445C4970087075F /* MonthYearPicker.swift in Sources */,
				1079945D244788E3001ED121 /* PaymentViewController.swift in Sources */,
				1079946024479068001ED121 /* Service.swift in Sources */,
				107832D32445B74E0087075F /* PaymentDataTableViewController.swift in Sources */,
				107832CD24459EC50087075F /* CustomButton.swift in Sources */,
			);
			runOnlyForDeploymentPostprocessing = 0;
		};
/* End PBXSourcesBuildPhase section */

/* Begin PBXVariantGroup section */
		108C9FD12444ECAE00189D5E /* Main.storyboard */ = {
			isa = PBXVariantGroup;
			children = (
				108C9FD22444ECAE00189D5E /* Base */,
			);
			name = Main.storyboard;
			sourceTree = "<group>";
		};
		108C9FD62444ECAF00189D5E /* LaunchScreen.storyboard */ = {
			isa = PBXVariantGroup;
			children = (
				108C9FD72444ECAF00189D5E /* Base */,
			);
			name = LaunchScreen.storyboard;
			sourceTree = "<group>";
		};
/* End PBXVariantGroup section */

/* Begin XCBuildConfiguration section */
		108C9FDA2444ECAF00189D5E /* Debug */ = {
			isa = XCBuildConfiguration;
			buildSettings = {
				ALWAYS_SEARCH_USER_PATHS = NO;
				CLANG_ANALYZER_NONNULL = YES;
				CLANG_ANALYZER_NUMBER_OBJECT_CONVERSION = YES_AGGRESSIVE;
				CLANG_CXX_LANGUAGE_STANDARD = "gnu++14";
				CLANG_CXX_LIBRARY = "libc++";
				CLANG_ENABLE_MODULES = YES;
				CLANG_ENABLE_OBJC_ARC = YES;
				CLANG_ENABLE_OBJC_WEAK = YES;
				CLANG_WARN_BLOCK_CAPTURE_AUTORELEASING = YES;
				CLANG_WARN_BOOL_CONVERSION = YES;
				CLANG_WARN_COMMA = YES;
				CLANG_WARN_CONSTANT_CONVERSION = YES;
				CLANG_WARN_DEPRECATED_OBJC_IMPLEMENTATIONS = YES;
				CLANG_WARN_DIRECT_OBJC_ISA_USAGE = YES_ERROR;
				CLANG_WARN_DOCUMENTATION_COMMENTS = YES;
				CLANG_WARN_EMPTY_BODY = YES;
				CLANG_WARN_ENUM_CONVERSION = YES;
				CLANG_WARN_INFINITE_RECURSION = YES;
				CLANG_WARN_INT_CONVERSION = YES;
				CLANG_WARN_NON_LITERAL_NULL_CONVERSION = YES;
				CLANG_WARN_OBJC_IMPLICIT_RETAIN_SELF = YES;
				CLANG_WARN_OBJC_LITERAL_CONVERSION = YES;
				CLANG_WARN_OBJC_ROOT_CLASS = YES_ERROR;
				CLANG_WARN_RANGE_LOOP_ANALYSIS = YES;
				CLANG_WARN_STRICT_PROTOTYPES = YES;
				CLANG_WARN_SUSPICIOUS_MOVE = YES;
				CLANG_WARN_UNGUARDED_AVAILABILITY = YES_AGGRESSIVE;
				CLANG_WARN_UNREACHABLE_CODE = YES;
				CLANG_WARN__DUPLICATE_METHOD_MATCH = YES;
				COPY_PHASE_STRIP = NO;
				DEBUG_INFORMATION_FORMAT = dwarf;
				ENABLE_STRICT_OBJC_MSGSEND = YES;
				ENABLE_TESTABILITY = YES;
				GCC_C_LANGUAGE_STANDARD = gnu11;
				GCC_DYNAMIC_NO_PIC = NO;
				GCC_NO_COMMON_BLOCKS = YES;
				GCC_OPTIMIZATION_LEVEL = 0;
				GCC_PREPROCESSOR_DEFINITIONS = (
					"DEBUG=1",
					"$(inherited)",
				);
				GCC_WARN_64_TO_32_BIT_CONVERSION = YES;
				GCC_WARN_ABOUT_RETURN_TYPE = YES_ERROR;
				GCC_WARN_UNDECLARED_SELECTOR = YES;
				GCC_WARN_UNINITIALIZED_AUTOS = YES_AGGRESSIVE;
				GCC_WARN_UNUSED_FUNCTION = YES;
				GCC_WARN_UNUSED_VARIABLE = YES;
				IPHONEOS_DEPLOYMENT_TARGET = 13.2;
				MTL_ENABLE_DEBUG_INFO = INCLUDE_SOURCE;
				MTL_FAST_MATH = YES;
				ONLY_ACTIVE_ARCH = YES;
				SDKROOT = iphoneos;
				SWIFT_ACTIVE_COMPILATION_CONDITIONS = DEBUG;
				SWIFT_OPTIMIZATION_LEVEL = "-Onone";
			};
			name = Debug;
		};
		108C9FDB2444ECAF00189D5E /* Release */ = {
			isa = XCBuildConfiguration;
			buildSettings = {
				ALWAYS_SEARCH_USER_PATHS = NO;
				CLANG_ANALYZER_NONNULL = YES;
				CLANG_ANALYZER_NUMBER_OBJECT_CONVERSION = YES_AGGRESSIVE;
				CLANG_CXX_LANGUAGE_STANDARD = "gnu++14";
				CLANG_CXX_LIBRARY = "libc++";
				CLANG_ENABLE_MODULES = YES;
				CLANG_ENABLE_OBJC_ARC = YES;
				CLANG_ENABLE_OBJC_WEAK = YES;
				CLANG_WARN_BLOCK_CAPTURE_AUTORELEASING = YES;
				CLANG_WARN_BOOL_CONVERSION = YES;
				CLANG_WARN_COMMA = YES;
				CLANG_WARN_CONSTANT_CONVERSION = YES;
				CLANG_WARN_DEPRECATED_OBJC_IMPLEMENTATIONS = YES;
				CLANG_WARN_DIRECT_OBJC_ISA_USAGE = YES_ERROR;
				CLANG_WARN_DOCUMENTATION_COMMENTS = YES;
				CLANG_WARN_EMPTY_BODY = YES;
				CLANG_WARN_ENUM_CONVERSION = YES;
				CLANG_WARN_INFINITE_RECURSION = YES;
				CLANG_WARN_INT_CONVERSION = YES;
				CLANG_WARN_NON_LITERAL_NULL_CONVERSION = YES;
				CLANG_WARN_OBJC_IMPLICIT_RETAIN_SELF = YES;
				CLANG_WARN_OBJC_LITERAL_CONVERSION = YES;
				CLANG_WARN_OBJC_ROOT_CLASS = YES_ERROR;
				CLANG_WARN_RANGE_LOOP_ANALYSIS = YES;
				CLANG_WARN_STRICT_PROTOTYPES = YES;
				CLANG_WARN_SUSPICIOUS_MOVE = YES;
				CLANG_WARN_UNGUARDED_AVAILABILITY = YES_AGGRESSIVE;
				CLANG_WARN_UNREACHABLE_CODE = YES;
				CLANG_WARN__DUPLICATE_METHOD_MATCH = YES;
				COPY_PHASE_STRIP = NO;
				DEBUG_INFORMATION_FORMAT = "dwarf-with-dsym";
				ENABLE_NS_ASSERTIONS = NO;
				ENABLE_STRICT_OBJC_MSGSEND = YES;
				GCC_C_LANGUAGE_STANDARD = gnu11;
				GCC_NO_COMMON_BLOCKS = YES;
				GCC_WARN_64_TO_32_BIT_CONVERSION = YES;
				GCC_WARN_ABOUT_RETURN_TYPE = YES_ERROR;
				GCC_WARN_UNDECLARED_SELECTOR = YES;
				GCC_WARN_UNINITIALIZED_AUTOS = YES_AGGRESSIVE;
				GCC_WARN_UNUSED_FUNCTION = YES;
				GCC_WARN_UNUSED_VARIABLE = YES;
				IPHONEOS_DEPLOYMENT_TARGET = 13.2;
				MTL_ENABLE_DEBUG_INFO = NO;
				MTL_FAST_MATH = YES;
				SDKROOT = iphoneos;
				SWIFT_COMPILATION_MODE = wholemodule;
				SWIFT_OPTIMIZATION_LEVEL = "-O";
				VALIDATE_PRODUCT = YES;
			};
			name = Release;
		};
		108C9FDD2444ECAF00189D5E /* Debug */ = {
			isa = XCBuildConfiguration;
			buildSettings = {
				ASSETCATALOG_COMPILER_APPICON_NAME = AppIcon;
				CODE_SIGN_STYLE = Automatic;
				DEVELOPMENT_TEAM = HB98CM97SS;
				INFOPLIST_FILE = TakeMyMoney/Info.plist;
				LD_RUNPATH_SEARCH_PATHS = (
					"$(inherited)",
					"@executable_path/Frameworks",
				);
				PRODUCT_BUNDLE_IDENTIFIER = com.mshayanh13.TakeMyMoney;
				PRODUCT_NAME = "$(TARGET_NAME)";
				SWIFT_VERSION = 5.0;
				TARGETED_DEVICE_FAMILY = "1,2";
			};
			name = Debug;
		};
		108C9FDE2444ECAF00189D5E /* Release */ = {
			isa = XCBuildConfiguration;
			buildSettings = {
				ASSETCATALOG_COMPILER_APPICON_NAME = AppIcon;
				CODE_SIGN_STYLE = Automatic;
				DEVELOPMENT_TEAM = HB98CM97SS;
				INFOPLIST_FILE = TakeMyMoney/Info.plist;
				LD_RUNPATH_SEARCH_PATHS = (
					"$(inherited)",
					"@executable_path/Frameworks",
				);
				PRODUCT_BUNDLE_IDENTIFIER = com.mshayanh13.TakeMyMoney;
				PRODUCT_NAME = "$(TARGET_NAME)";
				SWIFT_VERSION = 5.0;
				TARGETED_DEVICE_FAMILY = "1,2";
			};
			name = Release;
		};
/* End XCBuildConfiguration section */

/* Begin XCConfigurationList section */
		108C9FC32444ECAE00189D5E /* Build configuration list for PBXProject "TakeMyMoney" */ = {
			isa = XCConfigurationList;
			buildConfigurations = (
				108C9FDA2444ECAF00189D5E /* Debug */,
				108C9FDB2444ECAF00189D5E /* Release */,
			);
			defaultConfigurationIsVisible = 0;
			defaultConfigurationName = Release;
		};
		108C9FDC2444ECAF00189D5E /* Build configuration list for PBXNativeTarget "TakeMyMoney" */ = {
			isa = XCConfigurationList;
			buildConfigurations = (
				108C9FDD2444ECAF00189D5E /* Debug */,
				108C9FDE2444ECAF00189D5E /* Release */,
			);
			defaultConfigurationIsVisible = 0;
			defaultConfigurationName = Release;
		};
/* End XCConfigurationList section */
	};
	rootObject = 108C9FC02444ECAE00189D5E /* Project object */;
}
